
Microsoft Visual Studio Solution File, Format Version 12.00
# Visual Studio Version 17
VisualStudioVersion = 17.13.35919.96 d17.13
MinimumVisualStudioVersion = 10.0.40219.1
Project("{FAE04EC0-301F-11D3-BF4B-00C04F79EFBC}") = "PatientService", "PatientService\PatientService.csproj", "{8C73E047-4724-4FD4-8DC4-4D3FE4549530}"
EndProject
Global
	GlobalSection(SolutionConfigurationPlatforms) = preSolution
		Debug|Any CPU = Debug|Any CPU
		Release|Any CPU = Release|Any CPU
	EndGlobalSection
	GlobalSection(ProjectConfigurationPlatforms) = postSolution
		{8C73E047-4724-4FD4-8DC4-4D3FE4549530}.Debug|Any CPU.ActiveCfg = Debug|Any CPU
		{8C73E047-4724-4FD4-8DC4-4D3FE4549530}.Debug|Any CPU.Build.0 = Debug|Any CPU
		{8C73E047-4724-4FD4-8DC4-4D3FE4549530}.Release|Any CPU.ActiveCfg = Release|Any CPU
		{8C73E047-4724-4FD4-8DC4-4D3FE4549530}.Release|Any CPU.Build.0 = Release|Any CPU
	EndGlobalSection
	GlobalSection(SolutionProperties) = preSolution
		HideSolutionNode = FALSE
	EndGlobalSection
	GlobalSection(ExtensibilityGlobals) = postSolution
		SolutionGuid = {28BFA209-5247-4F9F-80E7-7975FE2B96BF}
	EndGlobalSection
EndGlobal
